
Microsoft Visual Studio Solution File, Format Version 12.00
# Visual Studio Version 17
VisualStudioVersion = 17.0.31903.59
MinimumVisualStudioVersion = 10.0.40219.1
Project("{9A19103F-16F7-4668-BE54-9A1E7A4F7556}") = "Projekt", "Projekt.csproj", "{7959D4D2-14EE-4BC5-9605-0C5EFB179A55}"
EndProject
Project("{FAE04EC0-301F-11D3-BF4B-00C04F79EFBC}") = "Projekt.VirtualDevice", "..\Projekt.VirtualDevice\Projekt.VirtualDevice.csproj", "{632D9153-EB47-4507-BBAC-571DD425AF29}"
EndProject
Global
	GlobalSection(SolutionConfigurationPlatforms) = preSolution
		Debug|Any CPU = Debug|Any CPU
		Release|Any CPU = Release|Any CPU
	EndGlobalSection
	GlobalSection(ProjectConfigurationPlatforms) = postSolution
		{7959D4D2-14EE-4BC5-9605-0C5EFB179A55}.Debug|Any CPU.ActiveCfg = Debug|Any CPU
		{7959D4D2-14EE-4BC5-9605-0C5EFB179A55}.Debug|Any CPU.Build.0 = Debug|Any CPU
		{7959D4D2-14EE-4BC5-9605-0C5EFB179A55}.Release|Any CPU.ActiveCfg = Release|Any CPU
		{7959D4D2-14EE-4BC5-9605-0C5EFB179A55}.Release|Any CPU.Build.0 = Release|Any CPU
		{632D9153-EB47-4507-BBAC-571DD425AF29}.Debug|Any CPU.ActiveCfg = Debug|Any CPU
		{632D9153-EB47-4507-BBAC-571DD425AF29}.Debug|Any CPU.Build.0 = Debug|Any CPU
		{632D9153-EB47-4507-BBAC-571DD425AF29}.Release|Any CPU.ActiveCfg = Release|Any CPU
		{632D9153-EB47-4507-BBAC-571DD425AF29}.Release|Any CPU.Build.0 = Release|Any CPU
	EndGlobalSection
	GlobalSection(SolutionProperties) = preSolution
		HideSolutionNode = FALSE
	EndGlobalSection
	GlobalSection(ExtensibilityGlobals) = postSolution
		SolutionGuid = {792C72A2-A1EB-4A9F-BF82-C99EA035FA71}
	EndGlobalSection
EndGlobal
